
Microsoft Visual Studio Solution File, Format Version 12.00
# Visual Studio Version 17
VisualStudioVersion = 17.14.36202.13
MinimumVisualStudioVersion = 10.0.40219.1
Project("{FAE04EC0-301F-11D3-BF4B-00C04F79EFBC}") = "ApiProjeKamp.WebApi", "ApiProjeKamp.WebApi\ApiProjeKamp.WebApi.csproj", "{ACF68A16-452A-4BEA-8462-63208BB81623}"
EndProject
Project("{FAE04EC0-301F-11D3-BF4B-00C04F79EFBC}") = "ApiProjeKampUI", "ApiProjeKampUI\ApiProjeKampUI.csproj", "{18FC6DF8-1488-4ACB-8DE1-73BBD988EA8A}"
EndProject
Global
	GlobalSection(SolutionConfigurationPlatforms) = preSolution
		Debug|Any CPU = Debug|Any CPU
		Release|Any CPU = Release|Any CPU
	EndGlobalSection
	GlobalSection(ProjectConfigurationPlatforms) = postSolution
		{ACF68A16-452A-4BEA-8462-63208BB81623}.Debug|Any CPU.ActiveCfg = Debug|Any CPU
		{ACF68A16-452A-4BEA-8462-63208BB81623}.Debug|Any CPU.Build.0 = Debug|Any CPU
		{ACF68A16-452A-4BEA-8462-63208BB81623}.Release|Any CPU.ActiveCfg = Release|Any CPU
		{ACF68A16-452A-4BEA-8462-63208BB81623}.Release|Any CPU.Build.0 = Release|Any CPU
		{18FC6DF8-1488-4ACB-8DE1-73BBD988EA8A}.Debug|Any CPU.ActiveCfg = Debug|Any CPU
		{18FC6DF8-1488-4ACB-8DE1-73BBD988EA8A}.Debug|Any CPU.Build.0 = Debug|Any CPU
		{18FC6DF8-1488-4ACB-8DE1-73BBD988EA8A}.Release|Any CPU.ActiveCfg = Release|Any CPU
		{18FC6DF8-1488-4ACB-8DE1-73BBD988EA8A}.Release|Any CPU.Build.0 = Release|Any CPU
	EndGlobalSection
	GlobalSection(SolutionProperties) = preSolution
		HideSolutionNode = FALSE
	EndGlobalSection
	GlobalSection(ExtensibilityGlobals) = postSolution
		SolutionGuid = {C56D4C08-28DE-48C8-93C6-F65E8DC1AD41}
	EndGlobalSection
EndGlobal
